<?xml version="1.0" encoding="utf-8"?>
<Project ToolsVersion="4.0" xmlns="http://schemas.microsoft.com/developer/msbuild/2003">
  <ItemGroup>
    <Filter Include="Resources">
      <Extensions>rc;ico;cur;bmp;dlg;rc2;rct;bin;rgs;gif;jpg;jpeg;jpe;resx;tiff;tif;png;wav;mfcribbon-ms</Extensions>
    </Filter>
    <Filter Include="Headers">
      <Extensions>h;hh;hpp;hxx;hm;in;inl;inc;xsd</Extensions>
    </Filter>
    <Filter Include="Sources">
      <Extensions>cpp;c;cc;cxx;def;odl;idl;hpj;bat;asm;asmx</Extensions>
    </Filter>
  </ItemGroup>
  <ItemGroup>
    <ClCompile Include="$(LIBSASS_SRC_DIR)\ast.cpp">
      <Filter>Sources</Filter>
    </ClCompile>
    <ClCompile Include="$(LIBSASS_SRC_DIR)\ast_css.cpp">
      <Filter>Sources</Filter>
    </ClCompile>
    <ClCompile Include="$(LIBSASS_SRC_DIR)\ast_values.cpp">
      <Filter>Sources</Filter>
    </ClCompile>
    <ClCompile Include="$(LIBSASS_SRC_DIR)\ast_supports.cpp">
      <Filter>Sources</Filter>
    </ClCompile>
    <ClCompile Include="$(LIBSASS_SRC_DIR)\ast_sel_cmp.cpp">
      <Filter>Sources</Filter>
    </ClCompile>
    <ClCompile Include="$(LIBSASS_SRC_DIR)\ast_sel_unify.cpp">
      <Filter>Sources</Filter>
    </ClCompile>
    <ClCompile Include="$(LIBSASS_SRC_DIR)\ast_sel_super.cpp">
      <Filter>Sources</Filter>
    </ClCompile>
    <ClCompile Include="$(LIBSASS_SRC_DIR)\ast_sel_weave.cpp">
      <Filter>Sources</Filter>
    </ClCompile>
    <ClCompile Include="$(LIBSASS_SRC_DIR)\ast_selectors.cpp">
      <Filter>Sources</Filter>
    </ClCompile>
    <ClCompile Include="$(LIBSASS_SRC_DIR)\context.cpp">
      <Filter>Sources</Filter>
    </ClCompile>
    <ClCompile Include="$(LIBSASS_SRC_DIR)\constants.cpp">
      <Filter>Sources</Filter>
    </ClCompile>
    <ClCompile Include="$(LIBSASS_SRC_DIR)\compiler.cpp">
      <Filter>Sources</Filter>
    </ClCompile>
    <ClCompile Include="$(LIBSASS_SRC_DIR)\fn_utils.cpp">
      <Filter>Sources</Filter>
    </ClCompile>
    <ClCompile Include="$(LIBSASS_SRC_DIR)\fn_maps.cpp">
      <Filter>Sources</Filter>
    </ClCompile>
    <ClCompile Include="$(LIBSASS_SRC_DIR)\fn_lists.cpp">
      <Filter>Sources</Filter>
    </ClCompile>
    <ClCompile Include="$(LIBSASS_SRC_DIR)\fn_colors.cpp">
      <Filter>Sources</Filter>
    </ClCompile>
    <ClCompile Include="$(LIBSASS_SRC_DIR)\fn_numbers.cpp">
      <Filter>Sources</Filter>
    </ClCompile>
    <ClCompile Include="$(LIBSASS_SRC_DIR)\fn_strings.cpp">
      <Filter>Sources</Filter>
    </ClCompile>
    <ClCompile Include="$(LIBSASS_SRC_DIR)\fn_selectors.cpp">
      <Filter>Sources</Filter>
    </ClCompile>
    <ClCompile Include="$(LIBSASS_SRC_DIR)\fn_meta.cpp">
      <Filter>Sources</Filter>
    </ClCompile>
    <ClCompile Include="$(LIBSASS_SRC_DIR)\color_maps.cpp">
      <Filter>Sources</Filter>
    </ClCompile>
    <ClCompile Include="$(LIBSASS_SRC_DIR)\environment.cpp">
      <Filter>Sources</Filter>
    </ClCompile>
    <ClCompile Include="$(LIBSASS_SRC_DIR)\ast_fwd_decl.cpp">
      <Filter>Sources</Filter>
    </ClCompile>
    <ClCompile Include="$(LIBSASS_SRC_DIR)\file.cpp">
      <Filter>Sources</Filter>
    </ClCompile>
    <ClCompile Include="$(LIBSASS_SRC_DIR)\util_string.cpp">
      <Filter>Sources</Filter>
    </ClCompile>
    <ClCompile Include="$(LIBSASS_SRC_DIR)\string_utils.cpp">
      <Filter>Sources</Filter>
    </ClCompile>
    <ClCompile Include="$(LIBSASS_SRC_DIR)\logger.cpp">
      <Filter>Sources</Filter>
    </ClCompile>
    <ClCompile Include="$(LIBSASS_SRC_DIR)\strings.cpp">
      <Filter>Sources</Filter>
    </ClCompile>
    <ClCompile Include="$(LIBSASS_SRC_DIR)\json.cpp">
      <Filter>Sources</Filter>
    </ClCompile>
    <ClCompile Include="$(LIBSASS_SRC_DIR)\units.cpp">
      <Filter>Sources</Filter>
    </ClCompile>
    <ClCompile Include="$(LIBSASS_SRC_DIR)\plugins.cpp">
      <Filter>Sources</Filter>
    </ClCompile>
    <ClCompile Include="$(LIBSASS_SRC_DIR)\source.cpp">
      <Filter>Sources</Filter>
    </ClCompile>
    <ClCompile Include="$(LIBSASS_SRC_DIR)\offset.cpp">
      <Filter>Sources</Filter>
    </ClCompile>
    <ClCompile Include="$(LIBSASS_SRC_DIR)\eval.cpp">
      <Filter>Sources</Filter>
    </ClCompile>
    <ClCompile Include="$(LIBSASS_SRC_DIR)\listize.cpp">
      <Filter>Sources</Filter>
    </ClCompile>
    <ClCompile Include="$(LIBSASS_SRC_DIR)\randomize.cpp">
      <Filter>Sources</Filter>
    </ClCompile>
    <ClCompile Include="$(LIBSASS_SRC_DIR)\cssize.cpp">
      <Filter>Sources</Filter>
    </ClCompile>
    <ClCompile Include="$(LIBSASS_SRC_DIR)\extender.cpp">
      <Filter>Sources</Filter>
    </ClCompile>
    <ClCompile Include="$(LIBSASS_SRC_DIR)\extension.cpp">
      <Filter>Sources</Filter>
    </ClCompile>
    <ClCompile Include="$(LIBSASS_SRC_DIR)\stylesheet.cpp">
      <Filter>Sources</Filter>
    </ClCompile>
    <ClCompile Include="$(LIBSASS_SRC_DIR)\interpolation.cpp">
      <Filter>Sources</Filter>
    </ClCompile>
    <ClCompile Include="$(LIBSASS_SRC_DIR)\parser.cpp">
      <Filter>Sources</Filter>
    </ClCompile>
    <ClCompile Include="$(LIBSASS_SRC_DIR)\parser_css.cpp">
      <Filter>Sources</Filter>
    </ClCompile>
    <ClCompile Include="$(LIBSASS_SRC_DIR)\parser_base.cpp">
      <Filter>Sources</Filter>
    </ClCompile>
    <ClCompile Include="$(LIBSASS_SRC_DIR)\parser_scss.cpp">
      <Filter>Sources</Filter>
    </ClCompile>
    <ClCompile Include="$(LIBSASS_SRC_DIR)\parser_sass.cpp">
      <Filter>Sources</Filter>
    </ClCompile>
    <ClCompile Include="$(LIBSASS_SRC_DIR)\parser_selector.cpp">
      <Filter>Sources</Filter>
    </ClCompile>
    <ClCompile Include="$(LIBSASS_SRC_DIR)\parser_stylesheet.cpp">
      <Filter>Sources</Filter>
    </ClCompile>
    <ClCompile Include="$(LIBSASS_SRC_DIR)\parser_expression.cpp">
      <Filter>Sources</Filter>
    </ClCompile>
    <ClCompile Include="$(LIBSASS_SRC_DIR)\parser_media_query.cpp">
      <Filter>Sources</Filter>
    </ClCompile>
    <ClCompile Include="$(LIBSASS_SRC_DIR)\parser_at_root_query.cpp">
      <Filter>Sources</Filter>
    </ClCompile>
    <ClCompile Include="$(LIBSASS_SRC_DIR)\parser_keyframe_selector.cpp">
      <Filter>Sources</Filter>
    </ClCompile>
    <ClCompile Include="$(LIBSASS_SRC_DIR)\output.cpp">
      <Filter>Sources</Filter>
    </ClCompile>
    <ClCompile Include="$(LIBSASS_SRC_DIR)\inspect.cpp">
      <Filter>Sources</Filter>
    </ClCompile>
    <ClCompile Include="$(LIBSASS_SRC_DIR)\emitter.cpp">
      <Filter>Sources</Filter>
    </ClCompile>
    <ClCompile Include="$(LIBSASS_SRC_DIR)\scanner_string.cpp">
      <Filter>Sources</Filter>
    </ClCompile>
    <ClCompile Include="$(LIBSASS_SRC_DIR)\remove_placeholders.cpp">
      <Filter>Sources</Filter>
    </ClCompile>
    <ClCompile Include="$(LIBSASS_SRC_DIR)\sass.cpp">
      <Filter>Sources</Filter>
    </ClCompile>
    <ClCompile Include="$(LIBSASS_SRC_DIR)\sass_base.cpp">
      <Filter>Sources</Filter>
    </ClCompile>
    <ClCompile Include="$(LIBSASS_SRC_DIR)\sass_lists.cpp">
      <Filter>Sources</Filter>
    </ClCompile>
    <ClCompile Include="$(LIBSASS_SRC_DIR)\sass_error.cpp">
      <Filter>Sources</Filter>
    </ClCompile>
    <ClCompile Include="$(LIBSASS_SRC_DIR)\sass_values.cpp">
      <Filter>Sources</Filter>
    </ClCompile>
    <ClCompile Include="$(LIBSASS_SRC_DIR)\sass_context.cpp">
      <Filter>Sources</Filter>
    </ClCompile>
    <ClCompile Include="$(LIBSASS_SRC_DIR)\sass_compiler.cpp">
      <Filter>Sources</Filter>
    </ClCompile>
    <ClCompile Include="$(LIBSASS_SRC_DIR)\sass_functions.cpp">
      <Filter>Sources</Filter>
    </ClCompile>
    <ClCompile Include="$(LIBSASS_SRC_DIR)\character.cpp">
      <Filter>Sources</Filter>
    </ClCompile>
    <ClCompile Include="$(LIBSASS_SRC_DIR)\environment_stack.cpp">
      <Filter>Sources</Filter>
    </ClCompile>
    <ClCompile Include="$(LIBSASS_SRC_DIR)\source_map.cpp">
      <Filter>Sources</Filter>
    </ClCompile>
    <ClCompile Include="$(LIBSASS_SRC_DIR)\source_state.cpp">
      <Filter>Sources</Filter>
    </ClCompile>
    <ClCompile Include="$(LIBSASS_SRC_DIR)\source_span.cpp">
      <Filter>Sources</Filter>
    </ClCompile>
    <ClCompile Include="$(LIBSASS_SRC_DIR)\memory/allocator.cpp">
      <Filter>Sources</Filter>
    </ClCompile>
    <ClCompile Include="$(LIBSASS_SRC_DIR)\memory/shared_ptr.cpp">
      <Filter>Sources</Filter>
    </ClCompile>
    <ClCompile Include="$(LIBSASS_SRC_DIR)\LUrlParser/LUrlParser.cpp">
      <Filter>Sources</Filter>
    </ClCompile>
    <ClCompile Include="$(LIBSASS_SRC_DIR)\unicode.cpp">
      <Filter>Sources</Filter>
    </ClCompile>
    <ClCompile Include="posix\getopt.c">
      <Filter>Sources</Filter>
    </ClCompile>
    <ClCompile Include="..\sassc.c">
      <Filter>Sources</Filter>
    </ClCompile>
    <ClCompile Include="$(LIBSASS_SRC_DIR)\terminal.cpp">
      <Filter>Sources</Filter>
    </ClCompile>
    <ClCompile Include="$(LIBSASS_SRC_DIR)\ast_statements.cpp">
      <Filter>Sources</Filter>
    </ClCompile>
    <ClCompile Include="$(LIBSASS_SRC_DIR)\ast_expressions.cpp">
      <Filter>Sources</Filter>
    </ClCompile>
    <ClCompile Include="$(LIBSASS_SRC_DIR)\ast_nodes.cpp">
      <Filter>Sources</Filter>
    </ClCompile>
    <ClCompile Include="$(LIBSASS_SRC_DIR)\ast_callables.cpp">
      <Filter>Sources</Filter>
    </ClCompile>
    <ClCompile Include="$(LIBSASS_SRC_DIR)\exceptions.cpp">
      <Filter>Sources</Filter>
    </ClCompile>
    <ClCompile Include="$(LIBSASS_SRC_DIR)\cencode.cpp">
      <Filter>Sources</Filter>
    </ClCompile>
  </ItemGroup>
  <ItemGroup>
    <ClInclude Include="$(LIBSASS_INCLUDES_DIR)\sass.h">
      <Filter>Headers</Filter>
    </ClInclude>
    <ClInclude Include="$(LIBSASS_INCLUDES_DIR)\sass/base.h">
      <Filter>Headers</Filter>
    </ClInclude>
    <ClInclude Include="$(LIBSASS_INCLUDES_DIR)\sass/fwdecl.h">
      <Filter>Headers</Filter>
    </ClInclude>
    <ClInclude Include="$(LIBSASS_INCLUDES_DIR)\sass/enums.h">
      <Filter>Headers</Filter>
    </ClInclude>
    <ClInclude Include="$(LIBSASS_INCLUDES_DIR)\sass/values.h">
      <Filter>Headers</Filter>
    </ClInclude>
    <ClInclude Include="$(LIBSASS_INCLUDES_DIR)\sass/version.h">
      <Filter>Headers</Filter>
    </ClInclude>
    <ClInclude Include="$(LIBSASS_INCLUDES_DIR)\sass/context.h">
      <Filter>Headers</Filter>
    </ClInclude>
    <ClInclude Include="$(LIBSASS_INCLUDES_DIR)\sass/function.h">
      <Filter>Headers</Filter>
    </ClInclude>
    <ClInclude Include="$(LIBSASS_HEADERS_DIR)\ast.hpp">
      <Filter>Headers</Filter>
    </ClInclude>
    <ClInclude Include="$(LIBSASS_HEADERS_DIR)\ast_css.hpp">
      <Filter>Headers</Filter>
    </ClInclude>
    <ClInclude Include="$(LIBSASS_HEADERS_DIR)\ast_def_macros.hpp">
      <Filter>Headers</Filter>
    </ClInclude>
    <ClInclude Include="$(LIBSASS_HEADERS_DIR)\ast_fwd_decl.hpp">
      <Filter>Headers</Filter>
    </ClInclude>
    <ClInclude Include="$(LIBSASS_HEADERS_DIR)\ast_helpers.hpp">
      <Filter>Headers</Filter>
    </ClInclude>
    <ClInclude Include="$(LIBSASS_HEADERS_DIR)\ast_selectors.hpp">
      <Filter>Headers</Filter>
    </ClInclude>
    <ClInclude Include="$(LIBSASS_HEADERS_DIR)\ast_containers.hpp">
      <Filter>Headers</Filter>
    </ClInclude>
    <ClInclude Include="$(LIBSASS_HEADERS_DIR)\ast_supports.hpp">
      <Filter>Headers</Filter>
    </ClInclude>
    <ClInclude Include="$(LIBSASS_HEADERS_DIR)\ast_values.hpp">
      <Filter>Headers</Filter>
    </ClInclude>
    <ClInclude Include="$(LIBSASS_HEADERS_DIR)\backtrace.hpp">
      <Filter>Headers</Filter>
    </ClInclude>
    <ClInclude Include="$(LIBSASS_HEADERS_DIR)\base64vlq.hpp">
      <Filter>Headers</Filter>
    </ClInclude>
    <ClInclude Include="$(LIBSASS_HEADERS_DIR)\character.hpp">
      <Filter>Headers</Filter>
    </ClInclude>
    <ClInclude Include="$(LIBSASS_HEADERS_DIR)\charcode.hpp">
      <Filter>Headers</Filter>
    </ClInclude>
    <ClInclude Include="$(LIBSASS_HEADERS_DIR)\color_maps.hpp">
      <Filter>Headers</Filter>
    </ClInclude>
    <ClInclude Include="$(LIBSASS_HEADERS_DIR)\constants.hpp">
      <Filter>Headers</Filter>
    </ClInclude>
    <ClInclude Include="$(LIBSASS_HEADERS_DIR)\context.hpp">
      <Filter>Headers</Filter>
    </ClInclude>
    <ClInclude Include="$(LIBSASS_HEADERS_DIR)\cssize.hpp">
      <Filter>Headers</Filter>
    </ClInclude>
    <ClInclude Include="$(LIBSASS_HEADERS_DIR)\dart_helpers.hpp">
      <Filter>Headers</Filter>
    </ClInclude>
    <ClInclude Include="$(LIBSASS_HEADERS_DIR)\debugger.hpp">
      <Filter>Headers</Filter>
    </ClInclude>
    <ClInclude Include="$(LIBSASS_HEADERS_DIR)\emitter.hpp">
      <Filter>Headers</Filter>
    </ClInclude>
    <ClInclude Include="$(LIBSASS_HEADERS_DIR)\environment.hpp">
      <Filter>Headers</Filter>
    </ClInclude>
    <ClInclude Include="$(LIBSASS_HEADERS_DIR)\memory.hpp">
      <Filter>Headers</Filter>
    </ClInclude>
    <ClInclude Include="$(LIBSASS_HEADERS_DIR)\memory/config.hpp">
      <Filter>Headers</Filter>
    </ClInclude>
    <ClInclude Include="$(LIBSASS_HEADERS_DIR)\memory/allocator.hpp">
      <Filter>Headers</Filter>
    </ClInclude>
    <ClInclude Include="$(LIBSASS_HEADERS_DIR)\memory/shared_ptr.hpp">
      <Filter>Headers</Filter>
    </ClInclude>
    <ClInclude Include="$(LIBSASS_HEADERS_DIR)\memory/memory_pool.hpp">
      <Filter>Headers</Filter>
    </ClInclude>
    <ClInclude Include="$(LIBSASS_HEADERS_DIR)\MurmurHash2.hpp">
      <Filter>Headers</Filter>
    </ClInclude>
    <ClInclude Include="$(LIBSASS_HEADERS_DIR)\eval.hpp">
      <Filter>Headers</Filter>
    </ClInclude>
    <ClInclude Include="$(LIBSASS_HEADERS_DIR)\extender.hpp">
      <Filter>Headers</Filter>
    </ClInclude>
    <ClInclude Include="$(LIBSASS_HEADERS_DIR)\extension.hpp">
      <Filter>Headers</Filter>
    </ClInclude>
    <ClInclude Include="$(LIBSASS_HEADERS_DIR)\file.hpp">
      <Filter>Headers</Filter>
    </ClInclude>
    <ClInclude Include="$(LIBSASS_HEADERS_DIR)\compiler.hpp">
      <Filter>Headers</Filter>
    </ClInclude>
    <ClInclude Include="$(LIBSASS_HEADERS_DIR)\fn_colors.hpp">
      <Filter>Headers</Filter>
    </ClInclude>
    <ClInclude Include="$(LIBSASS_HEADERS_DIR)\fn_lists.hpp">
      <Filter>Headers</Filter>
    </ClInclude>
    <ClInclude Include="$(LIBSASS_HEADERS_DIR)\fn_maps.hpp">
      <Filter>Headers</Filter>
    </ClInclude>
    <ClInclude Include="$(LIBSASS_HEADERS_DIR)\fn_meta.hpp">
      <Filter>Headers</Filter>
    </ClInclude>
    <ClInclude Include="$(LIBSASS_HEADERS_DIR)\fn_numbers.hpp">
      <Filter>Headers</Filter>
    </ClInclude>
    <ClInclude Include="$(LIBSASS_HEADERS_DIR)\fn_selectors.hpp">
      <Filter>Headers</Filter>
    </ClInclude>
    <ClInclude Include="$(LIBSASS_HEADERS_DIR)\fn_strings.hpp">
      <Filter>Headers</Filter>
    </ClInclude>
    <ClInclude Include="$(LIBSASS_HEADERS_DIR)\fn_utils.hpp">
      <Filter>Headers</Filter>
    </ClInclude>
    <ClInclude Include="$(LIBSASS_HEADERS_DIR)\inspect.hpp">
      <Filter>Headers</Filter>
    </ClInclude>
    <ClInclude Include="$(LIBSASS_HEADERS_DIR)\interpolation.hpp">
      <Filter>Headers</Filter>
    </ClInclude>
    <ClInclude Include="$(LIBSASS_HEADERS_DIR)\logger.hpp">
      <Filter>Headers</Filter>
    </ClInclude>
    <ClInclude Include="$(LIBSASS_HEADERS_DIR)\json.hpp">
      <Filter>Headers</Filter>
    </ClInclude>
    <ClInclude Include="$(LIBSASS_HEADERS_DIR)\kwd_arg_macros.hpp">
      <Filter>Headers</Filter>
    </ClInclude>
    <ClInclude Include="$(LIBSASS_HEADERS_DIR)\listize.hpp">
      <Filter>Headers</Filter>
    </ClInclude>
    <ClInclude Include="$(LIBSASS_HEADERS_DIR)\randomize.hpp">
      <Filter>Headers</Filter>
    </ClInclude>
    <ClInclude Include="$(LIBSASS_HEADERS_DIR)\mapping.hpp">
      <Filter>Headers</Filter>
    </ClInclude>
    <ClInclude Include="$(LIBSASS_HEADERS_DIR)\ordered_map.hpp">
      <Filter>Headers</Filter>
    </ClInclude>
    <ClInclude Include="$(LIBSASS_HEADERS_DIR)\source.hpp">
      <Filter>Headers</Filter>
    </ClInclude>
    <ClInclude Include="$(LIBSASS_HEADERS_DIR)\output.hpp">
      <Filter>Headers</Filter>
    </ClInclude>
    <ClInclude Include="$(LIBSASS_HEADERS_DIR)\parser.hpp">
      <Filter>Headers</Filter>
    </ClInclude>
    <ClInclude Include="$(LIBSASS_HEADERS_DIR)\parser_base.hpp">
      <Filter>Headers</Filter>
    </ClInclude>
    <ClInclude Include="$(LIBSASS_HEADERS_DIR)\parser_css.hpp">
      <Filter>Headers</Filter>
    </ClInclude>
    <ClInclude Include="$(LIBSASS_HEADERS_DIR)\parser_expression.hpp">
      <Filter>Headers</Filter>
    </ClInclude>
    <ClInclude Include="$(LIBSASS_HEADERS_DIR)\parser_media_query.hpp">
      <Filter>Headers</Filter>
    </ClInclude>
    <ClInclude Include="$(LIBSASS_HEADERS_DIR)\parser_at_root_query.hpp">
      <Filter>Headers</Filter>
    </ClInclude>
    <ClInclude Include="$(LIBSASS_HEADERS_DIR)\parser_keyframe_selector.hpp">
      <Filter>Headers</Filter>
    </ClInclude>
    <ClInclude Include="$(LIBSASS_HEADERS_DIR)\parser_sass.hpp">
      <Filter>Headers</Filter>
    </ClInclude>
    <ClInclude Include="$(LIBSASS_HEADERS_DIR)\parser_scss.hpp">
      <Filter>Headers</Filter>
    </ClInclude>
    <ClInclude Include="$(LIBSASS_HEADERS_DIR)\parser_selector.hpp">
      <Filter>Headers</Filter>
    </ClInclude>
    <ClInclude Include="$(LIBSASS_HEADERS_DIR)\parser_stylesheet.hpp">
      <Filter>Headers</Filter>
    </ClInclude>
    <ClInclude Include="$(LIBSASS_HEADERS_DIR)\permutate.hpp">
      <Filter>Headers</Filter>
    </ClInclude>
    <ClInclude Include="$(LIBSASS_HEADERS_DIR)\plugins.hpp">
      <Filter>Headers</Filter>
    </ClInclude>
    <ClInclude Include="$(LIBSASS_HEADERS_DIR)\offset.hpp">
      <Filter>Headers</Filter>
    </ClInclude>
    <ClInclude Include="$(LIBSASS_HEADERS_DIR)\remove_placeholders.hpp">
      <Filter>Headers</Filter>
    </ClInclude>
    <ClInclude Include="$(LIBSASS_HEADERS_DIR)\sass.hpp">
      <Filter>Headers</Filter>
    </ClInclude>
    <ClInclude Include="$(LIBSASS_HEADERS_DIR)\sass_error.hpp">
      <Filter>Headers</Filter>
    </ClInclude>
    <ClInclude Include="$(LIBSASS_HEADERS_DIR)\sass_context.hpp">
      <Filter>Headers</Filter>
    </ClInclude>
    <ClInclude Include="$(LIBSASS_HEADERS_DIR)\sass_compiler.hpp">
      <Filter>Headers</Filter>
    </ClInclude>
    <ClInclude Include="$(LIBSASS_HEADERS_DIR)\sass_functions.hpp">
      <Filter>Headers</Filter>
    </ClInclude>
    <ClInclude Include="$(LIBSASS_HEADERS_DIR)\sass_values.hpp">
      <Filter>Headers</Filter>
    </ClInclude>
    <ClInclude Include="$(LIBSASS_HEADERS_DIR)\scanner_string.hpp">
      <Filter>Headers</Filter>
    </ClInclude>
    <ClInclude Include="$(LIBSASS_HEADERS_DIR)\source_map.hpp">
      <Filter>Headers</Filter>
    </ClInclude>
    <ClInclude Include="$(LIBSASS_HEADERS_DIR)\source_state.hpp">
      <Filter>Headers</Filter>
    </ClInclude>
    <ClInclude Include="$(LIBSASS_HEADERS_DIR)\source_span.hpp">
      <Filter>Headers</Filter>
    </ClInclude>
    <ClInclude Include="$(LIBSASS_HEADERS_DIR)\stylesheet.hpp">
      <Filter>Headers</Filter>
    </ClInclude>
    <ClInclude Include="$(LIBSASS_HEADERS_DIR)\units.hpp">
      <Filter>Headers</Filter>
    </ClInclude>
    <ClInclude Include="$(LIBSASS_HEADERS_DIR)\unicode.hpp">
      <Filter>Headers</Filter>
    </ClInclude>
    <ClInclude Include="$(LIBSASS_HEADERS_DIR)\util_string.hpp">
      <Filter>Headers</Filter>
    </ClInclude>
    <ClInclude Include="$(LIBSASS_HEADERS_DIR)\visitor_css.hpp">
      <Filter>Headers</Filter>
    </ClInclude>
    <ClInclude Include="$(LIBSASS_HEADERS_DIR)\visitor_expression.hpp">
      <Filter>Headers</Filter>
    </ClInclude>
    <ClInclude Include="$(LIBSASS_HEADERS_DIR)\visitor_selector.hpp">
      <Filter>Headers</Filter>
    </ClInclude>
    <ClInclude Include="$(LIBSASS_HEADERS_DIR)\visitor_statement.hpp">
      <Filter>Headers</Filter>
    </ClInclude>
    <ClInclude Include="$(LIBSASS_HEADERS_DIR)\visitor_value.hpp">
      <Filter>Headers</Filter>
    </ClInclude>
    <ClInclude Include="$(LIBSASS_HEADERS_DIR)\environment_stack.hpp">
      <Filter>Headers</Filter>
    </ClInclude>
    <ClInclude Include="posix\getopt.h">
      <Filter>Headers</Filter>
    </ClInclude>
    <ClInclude Include="$(LIBSASS_HEADERS_DIR)\terminal.hpp">
      <Filter>Headers</Filter>
    </ClInclude>
    <ClInclude Include="$(LIBSASS_HEADERS_DIR)\ast_statements.hpp">
      <Filter>Headers</Filter>
    </ClInclude>
    <ClInclude Include="$(LIBSASS_HEADERS_DIR)\ast_expressions.hpp">
      <Filter>Headers</Filter>
    </ClInclude>
    <ClInclude Include="$(LIBSASS_HEADERS_DIR)\ast_nodes.hpp">
      <Filter>Headers</Filter>
    </ClInclude>
    <ClInclude Include="$(LIBSASS_HEADERS_DIR)\ast_callables.hpp">
      <Filter>Headers</Filter>
    </ClInclude>
    <ClInclude Include="$(LIBSASS_HEADERS_DIR)\exceptions.hpp">
      <Filter>Headers</Filter>
    </ClInclude>
  </ItemGroup>
</Project>